
Microsoft Visual Studio Solution File, Format Version 12.00
# Visual Studio 15
VisualStudioVersion = 15.0.27703.2047
MinimumVisualStudioVersion = 10.0.40219.1
Project("{FAE04EC0-301F-11D3-BF4B-00C04F79EFBC}") = "Jordan van Zyl_GADE1B_A1", "Jordan van Zyl_GADE1B_A1\Jordan van Zyl_GADE1B_A1.csproj", "{263830D7-6BBF-4A7F-87FC-6C76B96F2552}"
EndProject
Global
	GlobalSection(SolutionConfigurationPlatforms) = preSolution
		Debug|Any CPU = Debug|Any CPU
		Release|Any CPU = Release|Any CPU
	EndGlobalSection
	GlobalSection(ProjectConfigurationPlatforms) = postSolution
		{263830D7-6BBF-4A7F-87FC-6C76B96F2552}.Debug|Any CPU.ActiveCfg = Debug|Any CPU
		{263830D7-6BBF-4A7F-87FC-6C76B96F2552}.Debug|Any CPU.Build.0 = Debug|Any CPU
		{263830D7-6BBF-4A7F-87FC-6C76B96F2552}.Release|Any CPU.ActiveCfg = Release|Any CPU
		{263830D7-6BBF-4A7F-87FC-6C76B96F2552}.Release|Any CPU.Build.0 = Release|Any CPU
	EndGlobalSection
	GlobalSection(SolutionProperties) = preSolution
		HideSolutionNode = FALSE
	EndGlobalSection
	GlobalSection(ExtensibilityGlobals) = postSolution
		SolutionGuid = {257263E4-69F5-4391-92EB-0875EA318DDC}
	EndGlobalSection
EndGlobal
